
Microsoft Visual Studio Solution File, Format Version 12.00
# Visual Studio Version 17
VisualStudioVersion = 17.11.35327.3
MinimumVisualStudioVersion = 10.0.40219.1
Project("{FAE04EC0-301F-11D3-BF4B-00C04F79EFBC}") = "spotify_dotnet_api", "spotify_dotnet_api\spotify_dotnet_api.csproj", "{6773DD97-6D4E-4710-A0F5-F09E04FD4F19}"
EndProject
Global
	GlobalSection(SolutionConfigurationPlatforms) = preSolution
		Debug|Any CPU = Debug|Any CPU
		Release|Any CPU = Release|Any CPU
	EndGlobalSection
	GlobalSection(ProjectConfigurationPlatforms) = postSolution
		{6773DD97-6D4E-4710-A0F5-F09E04FD4F19}.Debug|Any CPU.ActiveCfg = Debug|Any CPU
		{6773DD97-6D4E-4710-A0F5-F09E04FD4F19}.Debug|Any CPU.Build.0 = Debug|Any CPU
		{6773DD97-6D4E-4710-A0F5-F09E04FD4F19}.Release|Any CPU.ActiveCfg = Release|Any CPU
		{6773DD97-6D4E-4710-A0F5-F09E04FD4F19}.Release|Any CPU.Build.0 = Release|Any CPU
	EndGlobalSection
	GlobalSection(SolutionProperties) = preSolution
		HideSolutionNode = FALSE
	EndGlobalSection
	GlobalSection(ExtensibilityGlobals) = postSolution
		SolutionGuid = {589D0552-E698-40F9-839A-302E446A81A0}
	EndGlobalSection
EndGlobal
